
Microsoft Visual Studio Solution File, Format Version 12.00
# Visual Studio Version 16
VisualStudioVersion = 16.0.29709.97
MinimumVisualStudioVersion = 10.0.40219.1
Project("{9A19103F-16F7-4668-BE54-9A1E7A4F7556}") = "Tarea_1", "Tarea_1.csproj", "{75CC7E43-8682-4FB7-B08D-89ACE0DACB79}"
EndProject
Project("{FAE04EC0-301F-11D3-BF4B-00C04F79EFBC}") = "Tarea_3", "..\Tarea_3\Tarea_3.csproj", "{A18D4384-06FF-431B-8ED5-AFFB7F5978E9}"
EndProject
Global
	GlobalSection(SolutionConfigurationPlatforms) = preSolution
		Debug|Any CPU = Debug|Any CPU
		Release|Any CPU = Release|Any CPU
	EndGlobalSection
	GlobalSection(ProjectConfigurationPlatforms) = postSolution
		{75CC7E43-8682-4FB7-B08D-89ACE0DACB79}.Debug|Any CPU.ActiveCfg = Debug|Any CPU
		{75CC7E43-8682-4FB7-B08D-89ACE0DACB79}.Debug|Any CPU.Build.0 = Debug|Any CPU
		{75CC7E43-8682-4FB7-B08D-89ACE0DACB79}.Release|Any CPU.ActiveCfg = Release|Any CPU
		{75CC7E43-8682-4FB7-B08D-89ACE0DACB79}.Release|Any CPU.Build.0 = Release|Any CPU
		{A18D4384-06FF-431B-8ED5-AFFB7F5978E9}.Debug|Any CPU.ActiveCfg = Debug|Any CPU
		{A18D4384-06FF-431B-8ED5-AFFB7F5978E9}.Debug|Any CPU.Build.0 = Debug|Any CPU
		{A18D4384-06FF-431B-8ED5-AFFB7F5978E9}.Release|Any CPU.ActiveCfg = Release|Any CPU
		{A18D4384-06FF-431B-8ED5-AFFB7F5978E9}.Release|Any CPU.Build.0 = Release|Any CPU
	EndGlobalSection
	GlobalSection(SolutionProperties) = preSolution
		HideSolutionNode = FALSE
	EndGlobalSection
	GlobalSection(ExtensibilityGlobals) = postSolution
		SolutionGuid = {D9237148-72FB-40B3-9548-1DD32A80FC43}
	EndGlobalSection
EndGlobal
